
Microsoft Visual Studio Solution File, Format Version 12.00
# Visual Studio Version 17
VisualStudioVersion = 17.11.35327.3
MinimumVisualStudioVersion = 10.0.40219.1
Project("{FAE04EC0-301F-11D3-BF4B-00C04F79EFBC}") = "ConsoleApp10", "ConsoleApp10\ConsoleApp10.csproj", "{236FDEAF-E6E6-434C-A09D-63D67E739C6D}"
EndProject
Global
	GlobalSection(SolutionConfigurationPlatforms) = preSolution
		Debug|Any CPU = Debug|Any CPU
		Release|Any CPU = Release|Any CPU
	EndGlobalSection
	GlobalSection(ProjectConfigurationPlatforms) = postSolution
		{236FDEAF-E6E6-434C-A09D-63D67E739C6D}.Debug|Any CPU.ActiveCfg = Debug|Any CPU
		{236FDEAF-E6E6-434C-A09D-63D67E739C6D}.Debug|Any CPU.Build.0 = Debug|Any CPU
		{236FDEAF-E6E6-434C-A09D-63D67E739C6D}.Release|Any CPU.ActiveCfg = Release|Any CPU
		{236FDEAF-E6E6-434C-A09D-63D67E739C6D}.Release|Any CPU.Build.0 = Release|Any CPU
	EndGlobalSection
	GlobalSection(SolutionProperties) = preSolution
		HideSolutionNode = FALSE
	EndGlobalSection
	GlobalSection(ExtensibilityGlobals) = postSolution
		SolutionGuid = {7026B134-4851-4200-A70A-2250A51D3744}
	EndGlobalSection
EndGlobal
